
Microsoft Visual Studio Solution File, Format Version 12.00
# Visual Studio Version 16
VisualStudioVersion = 16.0.31605.320
MinimumVisualStudioVersion = 10.0.40219.1
Project("{FAE04EC0-301F-11D3-BF4B-00C04F79EFBC}") = "ContentViewUIApp.Android", "ContentViewUIApp\ContentViewUIApp.Android\ContentViewUIApp.Android.csproj", "{3471AA64-A662-4409-9B2D-7CC5D631FE9C}"
EndProject
Project("{FAE04EC0-301F-11D3-BF4B-00C04F79EFBC}") = "ContentViewUIApp.iOS", "ContentViewUIApp\ContentViewUIApp.iOS\ContentViewUIApp.iOS.csproj", "{B5C1B081-030D-4151-A38F-BF155ED7C879}"
EndProject
Project("{FAE04EC0-301F-11D3-BF4B-00C04F79EFBC}") = "ContentViewUIApp", "ContentViewUIApp\ContentViewUIApp\ContentViewUIApp.csproj", "{213837EE-E789-4B5F-B6C8-6B2B843C1174}"
EndProject
Global
	GlobalSection(SolutionConfigurationPlatforms) = preSolution
		Debug|Any CPU = Debug|Any CPU
		Debug|iPhone = Debug|iPhone
		Debug|iPhoneSimulator = Debug|iPhoneSimulator
		Release|Any CPU = Release|Any CPU
		Release|iPhone = Release|iPhone
		Release|iPhoneSimulator = Release|iPhoneSimulator
	EndGlobalSection
	GlobalSection(ProjectConfigurationPlatforms) = postSolution
		{3471AA64-A662-4409-9B2D-7CC5D631FE9C}.Debug|Any CPU.ActiveCfg = Debug|Any CPU
		{3471AA64-A662-4409-9B2D-7CC5D631FE9C}.Debug|Any CPU.Build.0 = Debug|Any CPU
		{3471AA64-A662-4409-9B2D-7CC5D631FE9C}.Debug|Any CPU.Deploy.0 = Debug|Any CPU
		{3471AA64-A662-4409-9B2D-7CC5D631FE9C}.Debug|iPhone.ActiveCfg = Debug|Any CPU
		{3471AA64-A662-4409-9B2D-7CC5D631FE9C}.Debug|iPhone.Build.0 = Debug|Any CPU
		{3471AA64-A662-4409-9B2D-7CC5D631FE9C}.Debug|iPhone.Deploy.0 = Debug|Any CPU
		{3471AA64-A662-4409-9B2D-7CC5D631FE9C}.Debug|iPhoneSimulator.ActiveCfg = Debug|Any CPU
		{3471AA64-A662-4409-9B2D-7CC5D631FE9C}.Debug|iPhoneSimulator.Build.0 = Debug|Any CPU
		{3471AA64-A662-4409-9B2D-7CC5D631FE9C}.Debug|iPhoneSimulator.Deploy.0 = Debug|Any CPU
		{3471AA64-A662-4409-9B2D-7CC5D631FE9C}.Release|Any CPU.ActiveCfg = Release|Any CPU
		{3471AA64-A662-4409-9B2D-7CC5D631FE9C}.Release|Any CPU.Build.0 = Release|Any CPU
		{3471AA64-A662-4409-9B2D-7CC5D631FE9C}.Release|Any CPU.Deploy.0 = Release|Any CPU
		{3471AA64-A662-4409-9B2D-7CC5D631FE9C}.Release|iPhone.ActiveCfg = Release|Any CPU
		{3471AA64-A662-4409-9B2D-7CC5D631FE9C}.Release|iPhone.Build.0 = Release|Any CPU
		{3471AA64-A662-4409-9B2D-7CC5D631FE9C}.Release|iPhone.Deploy.0 = Release|Any CPU
		{3471AA64-A662-4409-9B2D-7CC5D631FE9C}.Release|iPhoneSimulator.ActiveCfg = Release|Any CPU
		{3471AA64-A662-4409-9B2D-7CC5D631FE9C}.Release|iPhoneSimulator.Build.0 = Release|Any CPU
		{3471AA64-A662-4409-9B2D-7CC5D631FE9C}.Release|iPhoneSimulator.Deploy.0 = Release|Any CPU
		{B5C1B081-030D-4151-A38F-BF155ED7C879}.Debug|Any CPU.ActiveCfg = Debug|iPhone
		{B5C1B081-030D-4151-A38F-BF155ED7C879}.Debug|Any CPU.Build.0 = Debug|iPhone
		{B5C1B081-030D-4151-A38F-BF155ED7C879}.Debug|Any CPU.Deploy.0 = Debug|iPhone
		{B5C1B081-030D-4151-A38F-BF155ED7C879}.Debug|iPhone.ActiveCfg = Debug|iPhone
		{B5C1B081-030D-4151-A38F-BF155ED7C879}.Debug|iPhone.Build.0 = Debug|iPhone
		{B5C1B081-030D-4151-A38F-BF155ED7C879}.Debug|iPhone.Deploy.0 = Debug|iPhone
		{B5C1B081-030D-4151-A38F-BF155ED7C879}.Debug|iPhoneSimulator.ActiveCfg = Debug|iPhoneSimulator
		{B5C1B081-030D-4151-A38F-BF155ED7C879}.Debug|iPhoneSimulator.Build.0 = Debug|iPhoneSimulator
		{B5C1B081-030D-4151-A38F-BF155ED7C879}.Debug|iPhoneSimulator.Deploy.0 = Debug|iPhoneSimulator
		{B5C1B081-030D-4151-A38F-BF155ED7C879}.Release|Any CPU.ActiveCfg = Release|iPhoneSimulator
		{B5C1B081-030D-4151-A38F-BF155ED7C879}.Release|Any CPU.Build.0 = Release|iPhoneSimulator
		{B5C1B081-030D-4151-A38F-BF155ED7C879}.Release|Any CPU.Deploy.0 = Release|iPhoneSimulator
		{B5C1B081-030D-4151-A38F-BF155ED7C879}.Release|iPhone.ActiveCfg = Release|iPhone
		{B5C1B081-030D-4151-A38F-BF155ED7C879}.Release|iPhone.Build.0 = Release|iPhone
		{B5C1B081-030D-4151-A38F-BF155ED7C879}.Release|iPhone.Deploy.0 = Release|iPhone
		{B5C1B081-030D-4151-A38F-BF155ED7C879}.Release|iPhoneSimulator.ActiveCfg = Release|iPhoneSimulator
		{B5C1B081-030D-4151-A38F-BF155ED7C879}.Release|iPhoneSimulator.Build.0 = Release|iPhoneSimulator
		{B5C1B081-030D-4151-A38F-BF155ED7C879}.Release|iPhoneSimulator.Deploy.0 = Release|iPhoneSimulator
		{213837EE-E789-4B5F-B6C8-6B2B843C1174}.Debug|Any CPU.ActiveCfg = Debug|Any CPU
		{213837EE-E789-4B5F-B6C8-6B2B843C1174}.Debug|Any CPU.Build.0 = Debug|Any CPU
		{213837EE-E789-4B5F-B6C8-6B2B843C1174}.Debug|Any CPU.Deploy.0 = Debug|Any CPU
		{213837EE-E789-4B5F-B6C8-6B2B843C1174}.Debug|iPhone.ActiveCfg = Debug|Any CPU
		{213837EE-E789-4B5F-B6C8-6B2B843C1174}.Debug|iPhone.Build.0 = Debug|Any CPU
		{213837EE-E789-4B5F-B6C8-6B2B843C1174}.Debug|iPhone.Deploy.0 = Debug|Any CPU
		{213837EE-E789-4B5F-B6C8-6B2B843C1174}.Debug|iPhoneSimulator.ActiveCfg = Debug|Any CPU
		{213837EE-E789-4B5F-B6C8-6B2B843C1174}.Debug|iPhoneSimulator.Build.0 = Debug|Any CPU
		{213837EE-E789-4B5F-B6C8-6B2B843C1174}.Debug|iPhoneSimulator.Deploy.0 = Debug|Any CPU
		{213837EE-E789-4B5F-B6C8-6B2B843C1174}.Release|Any CPU.ActiveCfg = Release|Any CPU
		{213837EE-E789-4B5F-B6C8-6B2B843C1174}.Release|Any CPU.Build.0 = Release|Any CPU
		{213837EE-E789-4B5F-B6C8-6B2B843C1174}.Release|Any CPU.Deploy.0 = Release|Any CPU
		{213837EE-E789-4B5F-B6C8-6B2B843C1174}.Release|iPhone.ActiveCfg = Release|Any CPU
		{213837EE-E789-4B5F-B6C8-6B2B843C1174}.Release|iPhone.Build.0 = Release|Any CPU
		{213837EE-E789-4B5F-B6C8-6B2B843C1174}.Release|iPhone.Deploy.0 = Release|Any CPU
		{213837EE-E789-4B5F-B6C8-6B2B843C1174}.Release|iPhoneSimulator.ActiveCfg = Release|Any CPU
		{213837EE-E789-4B5F-B6C8-6B2B843C1174}.Release|iPhoneSimulator.Build.0 = Release|Any CPU
		{213837EE-E789-4B5F-B6C8-6B2B843C1174}.Release|iPhoneSimulator.Deploy.0 = Release|Any CPU
	EndGlobalSection
	GlobalSection(SolutionProperties) = preSolution
		HideSolutionNode = FALSE
	EndGlobalSection
	GlobalSection(ExtensibilityGlobals) = postSolution
		SolutionGuid = {49F19FA7-A445-4875-A0EB-076D7E42BBDD}
	EndGlobalSection
EndGlobal
